Microsoft Visual Studio Solution File, Format Version 12.00
# Visual Studio 14
VisualStudioVersion = 14.0.25420.1
MinimumVisualStudioVersion = 10.0.40219.1
Project("{FAE04EC0-301F-11D3-BF4B-00C04F79EFBC}") = "CrossoverSemJournals.WebApi", "CrossoverSemJournals.WebApi\CrossoverSemJournals.WebApi.csproj", "{9C9D381F-80CD-4260-A5D1-3C2EB2DAA460}"
EndProject
Project("{FAE04EC0-301F-11D3-BF4B-00C04F79EFBC}") = "CrossoverSemJournals.Infrastructure", "CrossoverSemJournals.Infrastructure\CrossoverSemJournals.Infrastructure.csproj", "{EA39CDB7-FD61-4C9C-822B-60C8D0EC83D2}"
EndProject
Project("{FAE04EC0-301F-11D3-BF4B-00C04F79EFBC}") = "CrossoverSemJournals.Domain", "CrossoverSemJournals.Domain\CrossoverSemJournals.Domain.csproj", "{4C64FCF4-4535-4EEF-A259-4BEF7E3E5B7B}"
EndProject
Project("{FAE04EC0-301F-11D3-BF4B-00C04F79EFBC}") = "Tests", "Tests\Tests.csproj", "{778D2A6A-B532-4593-8DD5-21E373C0C455}"
EndProject
Global
	GlobalSection(SolutionConfigurationPlatforms) = preSolution
		Debug|Any CPU = Debug|Any CPU
		Release|Any CPU = Release|Any CPU
	EndGlobalSection
	GlobalSection(ProjectConfigurationPlatforms) = postSolution
		{9C9D381F-80CD-4260-A5D1-3C2EB2DAA460}.Debug|Any CPU.ActiveCfg = Debug|Any CPU
		{9C9D381F-80CD-4260-A5D1-3C2EB2DAA460}.Debug|Any CPU.Build.0 = Debug|Any CPU
		{9C9D381F-80CD-4260-A5D1-3C2EB2DAA460}.Release|Any CPU.ActiveCfg = Release|Any CPU
		{9C9D381F-80CD-4260-A5D1-3C2EB2DAA460}.Release|Any CPU.Build.0 = Release|Any CPU
		{EA39CDB7-FD61-4C9C-822B-60C8D0EC83D2}.Debug|Any CPU.ActiveCfg = Debug|Any CPU
		{EA39CDB7-FD61-4C9C-822B-60C8D0EC83D2}.Debug|Any CPU.Build.0 = Debug|Any CPU
		{EA39CDB7-FD61-4C9C-822B-60C8D0EC83D2}.Release|Any CPU.ActiveCfg = Release|Any CPU
		{EA39CDB7-FD61-4C9C-822B-60C8D0EC83D2}.Release|Any CPU.Build.0 = Release|Any CPU
		{4C64FCF4-4535-4EEF-A259-4BEF7E3E5B7B}.Debug|Any CPU.ActiveCfg = Debug|Any CPU
		{4C64FCF4-4535-4EEF-A259-4BEF7E3E5B7B}.Debug|Any CPU.Build.0 = Debug|Any CPU
		{4C64FCF4-4535-4EEF-A259-4BEF7E3E5B7B}.Release|Any CPU.ActiveCfg = Release|Any CPU
		{4C64FCF4-4535-4EEF-A259-4BEF7E3E5B7B}.Release|Any CPU.Build.0 = Release|Any CPU
		{778D2A6A-B532-4593-8DD5-21E373C0C455}.Debug|Any CPU.ActiveCfg = Debug|Any CPU
		{778D2A6A-B532-4593-8DD5-21E373C0C455}.Debug|Any CPU.Build.0 = Debug|Any CPU
		{778D2A6A-B532-4593-8DD5-21E373C0C455}.Release|Any CPU.ActiveCfg = Release|Any CPU
		{778D2A6A-B532-4593-8DD5-21E373C0C455}.Release|Any CPU.Build.0 = Release|Any CPU
	EndGlobalSection
	GlobalSection(SolutionProperties) = preSolution
		HideSolutionNode = FALSE
	EndGlobalSection
EndGlobal
